// !$*UTF8*$!
{
	archiveVersion = 1;
	classes = {
	};
	objectVersion = 51;
	objects = {

/* Begin PBXBuildFile section */
		0451A44499A8B7A1D3F11AAA /* Pods_USychol.framework in Frameworks */ = {isa = PBXBuildFile; fileRef = FC4EB53C5F0FCA6BD1B72492 /* Pods_USychol.framework */; };
		116E7EEA807149D854F8F52C /* Pods_USycholTests.framework in Frameworks */ = {isa = PBXBuildFile; fileRef = D46F120F8573550CB9F3361F /* Pods_USycholTests.framework */; };
		E444E58C26BDF62B00D94FBB /* CoreInputField.swift in Sources */ = {isa = PBXBuildFile; fileRef = E444E58B26BDF62B00D94FBB /* CoreInputField.swift */; };
		E444E59626BDF64800D94FBB /* SignUpViewController.swift in Sources */ = {isa = PBXBuildFile; fileRef = E444E58E26BDF64800D94FBB /* SignUpViewController.swift */; };
		E444E59726BDF64800D94FBB /* SignUpViewModel.swift in Sources */ = {isa = PBXBuildFile; fileRef = E444E58F26BDF64800D94FBB /* SignUpViewModel.swift */; };
		E444E59826BDF64800D94FBB /* SignUpViewEntity.swift in Sources */ = {isa = PBXBuildFile; fileRef = E444E59126BDF64800D94FBB /* SignUpViewEntity.swift */; };
		E444E59926BDF64800D94FBB /* SignUpViewState.swift in Sources */ = {isa = PBXBuildFile; fileRef = E444E59326BDF64800D94FBB /* SignUpViewState.swift */; };
		E444E59A26BDF64800D94FBB /* SignUpViewType.swift in Sources */ = {isa = PBXBuildFile; fileRef = E444E59426BDF64800D94FBB /* SignUpViewType.swift */; };
		E444E59B26BDF64800D94FBB /* SignUpProtocols.swift in Sources */ = {isa = PBXBuildFile; fileRef = E444E59526BDF64800D94FBB /* SignUpProtocols.swift */; };
		E444E59D26BDF6D900D94FBB /* SignUpView.swift in Sources */ = {isa = PBXBuildFile; fileRef = E444E59C26BDF6D900D94FBB /* SignUpView.swift */; };
		E444E59F26BDF7F000D94FBB /* Inter-VariableFont_slnt,wght.ttf in Resources */ = {isa = PBXBuildFile; fileRef = E444E59E26BDF7F000D94FBB /* Inter-VariableFont_slnt,wght.ttf */; };
		E444E5A026BDF81200D94FBB /* Inter-VariableFont_slnt,wght.ttf in Resources */ = {isa = PBXBuildFile; fileRef = E444E59E26BDF7F000D94FBB /* Inter-VariableFont_slnt,wght.ttf */; };
		E444E5A126BDF81400D94FBB /* Inter-VariableFont_slnt,wght.ttf in Resources */ = {isa = PBXBuildFile; fileRef = E444E59E26BDF7F000D94FBB /* Inter-VariableFont_slnt,wght.ttf */; };
		E444E5A226BDF81600D94FBB /* Nunito-Black.ttf in Resources */ = {isa = PBXBuildFile; fileRef = 8F07CE2226B43E30001E4E15 /* Nunito-Black.ttf */; };
		E444E5A326BDF81700D94FBB /* Nunito-Black.ttf in Resources */ = {isa = PBXBuildFile; fileRef = 8F07CE2226B43E30001E4E15 /* Nunito-Black.ttf */; };
		E444E5A426BDF81800D94FBB /* Nunito-Black.ttf in Resources */ = {isa = PBXBuildFile; fileRef = 8F07CE2226B43E30001E4E15 /* Nunito-Black.ttf */; };
		E444E5A526BDF81C00D94FBB /* Poppins-Bold.ttf in Resources */ = {isa = PBXBuildFile; fileRef = 8F07CE1C26B43E0C001E4E15 /* Poppins-Bold.ttf */; };
		E444E5A626BDF81D00D94FBB /* Poppins-Bold.ttf in Resources */ = {isa = PBXBuildFile; fileRef = 8F07CE1C26B43E0C001E4E15 /* Poppins-Bold.ttf */; };
		E444E5A726BDF81E00D94FBB /* Poppins-Bold.ttf in Resources */ = {isa = PBXBuildFile; fileRef = 8F07CE1C26B43E0C001E4E15 /* Poppins-Bold.ttf */; };
		E444E5A826BDF82100D94FBB /* Poppins-Medium.ttf in Resources */ = {isa = PBXBuildFile; fileRef = 8F07CE1D26B43E0D001E4E15 /* Poppins-Medium.ttf */; };
		E444E5A926BDF82100D94FBB /* Poppins-Medium.ttf in Resources */ = {isa = PBXBuildFile; fileRef = 8F07CE1D26B43E0D001E4E15 /* Poppins-Medium.ttf */; };
		E444E5AA26BDF82200D94FBB /* Poppins-Medium.ttf in Resources */ = {isa = PBXBuildFile; fileRef = 8F07CE1D26B43E0D001E4E15 /* Poppins-Medium.ttf */; };
		E444E5AB26BDF82500D94FBB /* Poppins-Regular.ttf in Resources */ = {isa = PBXBuildFile; fileRef = 8F07CE1A26B43E0C001E4E15 /* Poppins-Regular.ttf */; };
		E444E5AC26BDF82600D94FBB /* Poppins-Regular.ttf in Resources */ = {isa = PBXBuildFile; fileRef = 8F07CE1A26B43E0C001E4E15 /* Poppins-Regular.ttf */; };
		E444E5AD26BDF82700D94FBB /* Poppins-Regular.ttf in Resources */ = {isa = PBXBuildFile; fileRef = 8F07CE1A26B43E0C001E4E15 /* Poppins-Regular.ttf */; };
		E444E5AE26BDF82A00D94FBB /* Poppins-SemiBold.ttf in Resources */ = {isa = PBXBuildFile; fileRef = 8F07CE1B26B43E0C001E4E15 /* Poppins-SemiBold.ttf */; };
		E444E5AF26BDF82B00D94FBB /* Poppins-SemiBold.ttf in Resources */ = {isa = PBXBuildFile; fileRef = 8F07CE1B26B43E0C001E4E15 /* Poppins-SemiBold.ttf */; };
		E444E5B026BDF82C00D94FBB /* Poppins-SemiBold.ttf in Resources */ = {isa = PBXBuildFile; fileRef = 8F07CE1B26B43E0C001E4E15 /* Poppins-SemiBold.ttf */; };
		E444E5B126BDF82F00D94FBB /* Nunito-Bold.ttf in Resources */ = {isa = PBXBuildFile; fileRef = 8F07CE0F26B43DF1001E4E15 /* Nunito-Bold.ttf */; };
		E444E5B226BDF82F00D94FBB /* Nunito-Bold.ttf in Resources */ = {isa = PBXBuildFile; fileRef = 8F07CE0F26B43DF1001E4E15 /* Nunito-Bold.ttf */; };
		E444E5B326BDF83000D94FBB /* Nunito-Bold.ttf in Resources */ = {isa = PBXBuildFile; fileRef = 8F07CE0F26B43DF1001E4E15 /* Nunito-Bold.ttf */; };
		E444E5B426BDF83300D94FBB /* Nunito-ExtraBold.ttf in Resources */ = {isa = PBXBuildFile; fileRef = 8F07CE1026B43DF2001E4E15 /* Nunito-ExtraBold.ttf */; };
		E444E5B526BDF83400D94FBB /* Nunito-ExtraBold.ttf in Resources */ = {isa = PBXBuildFile; fileRef = 8F07CE1026B43DF2001E4E15 /* Nunito-ExtraBold.ttf */; };
		E444E5B626BDF83500D94FBB /* Nunito-ExtraBold.ttf in Resources */ = {isa = PBXBuildFile; fileRef = 8F07CE1026B43DF2001E4E15 /* Nunito-ExtraBold.ttf */; };
		E444E5B726BDF83800D94FBB /* Nunito-ExtraLight.ttf in Resources */ = {isa = PBXBuildFile; fileRef = 8F07CE0E26B43DF1001E4E15 /* Nunito-ExtraLight.ttf */; };
		E444E5B826BDF83900D94FBB /* Nunito-ExtraLight.ttf in Resources */ = {isa = PBXBuildFile; fileRef = 8F07CE0E26B43DF1001E4E15 /* Nunito-ExtraLight.ttf */; };
		E444E5B926BDF83900D94FBB /* Nunito-ExtraLight.ttf in Resources */ = {isa = PBXBuildFile; fileRef = 8F07CE0E26B43DF1001E4E15 /* Nunito-ExtraLight.ttf */; };
		E444E5BA26BDF83C00D94FBB /* Nunito-Light.ttf in Resources */ = {isa = PBXBuildFile; fileRef = 8F07CE1326B43DF2001E4E15 /* Nunito-Light.ttf */; };
		E444E5BB26BDF83D00D94FBB /* Nunito-Light.ttf in Resources */ = {isa = PBXBuildFile; fileRef = 8F07CE1326B43DF2001E4E15 /* Nunito-Light.ttf */; };
		E444E5BC26BDF83D00D94FBB /* Nunito-Light.ttf in Resources */ = {isa = PBXBuildFile; fileRef = 8F07CE1326B43DF2001E4E15 /* Nunito-Light.ttf */; };
		E444E5BD26BDF84000D94FBB /* Nunito-Regular.ttf in Resources */ = {isa = PBXBuildFile; fileRef = 8F07CE1226B43DF2001E4E15 /* Nunito-Regular.ttf */; };
		E444E5BE26BDF84100D94FBB /* Nunito-Regular.ttf in Resources */ = {isa = PBXBuildFile; fileRef = 8F07CE1226B43DF2001E4E15 /* Nunito-Regular.ttf */; };
		E444E5BF26BDF84200D94FBB /* Nunito-Regular.ttf in Resources */ = {isa = PBXBuildFile; fileRef = 8F07CE1226B43DF2001E4E15 /* Nunito-Regular.ttf */; };
		E444E5C026BDF84500D94FBB /* Nunito-SemiBold.ttf in Resources */ = {isa = PBXBuildFile; fileRef = 8F07CE1126B43DF2001E4E15 /* Nunito-SemiBold.ttf */; };
		E444E5C126BDF84500D94FBB /* Nunito-SemiBold.ttf in Resources */ = {isa = PBXBuildFile; fileRef = 8F07CE1126B43DF2001E4E15 /* Nunito-SemiBold.ttf */; };
		E444E5C226BDF84700D94FBB /* Nunito-SemiBold.ttf in Resources */ = {isa = PBXBuildFile; fileRef = 8F07CE1126B43DF2001E4E15 /* Nunito-SemiBold.ttf */; };
		E455B61C26B4508C000D298A /* ReminderRepositoryProtocol.swift in Sources */ = {isa = PBXBuildFile; fileRef = E455B61B26B4508C000D298A /* ReminderRepositoryProtocol.swift */; };
		E455B62026B4517C000D298A /* ReminderRepository.swift in Sources */ = {isa = PBXBuildFile; fileRef = E455B61F26B4517C000D298A /* ReminderRepository.swift */; };
		E455B62326B453D3000D298A /* Reminder.swift in Sources */ = {isa = PBXBuildFile; fileRef = E455B62226B453D3000D298A /* Reminder.swift */; };
		E455B62526B47132000D298A /* ReminderTableViewCell.swift in Sources */ = {isa = PBXBuildFile; fileRef = E455B62426B47132000D298A /* ReminderTableViewCell.swift */; };
		E458807B26BC047F005D6573 /* PatientTableView.swift in Sources */ = {isa = PBXBuildFile; fileRef = E458807A26BC047F005D6573 /* PatientTableView.swift */; };
		E458807D26BC04FF005D6573 /* PatientTableViewCell.swift in Sources */ = {isa = PBXBuildFile; fileRef = E458807C26BC04FF005D6573 /* PatientTableViewCell.swift */; };
		E458807F26BC7ABC005D6573 /* Patient.swift in Sources */ = {isa = PBXBuildFile; fileRef = E458807E26BC7ABC005D6573 /* Patient.swift */; };
		E458808126BC85F3005D6573 /* PatientRepositoryProtocol.swift in Sources */ = {isa = PBXBuildFile; fileRef = E458808026BC85F3005D6573 /* PatientRepositoryProtocol.swift */; };
		E458808326BC861F005D6573 /* PatientRepository.swift in Sources */ = {isa = PBXBuildFile; fileRef = E458808226BC861F005D6573 /* PatientRepository.swift */; };
		E458809026BCDDA8005D6573 /* PatientFormViewEntity.swift in Sources */ = {isa = PBXBuildFile; fileRef = E458808826BCDDA8005D6573 /* PatientFormViewEntity.swift */; };
		E458809126BCDDA8005D6573 /* PatientFormViewController.swift in Sources */ = {isa = PBXBuildFile; fileRef = E458808926BCDDA8005D6573 /* PatientFormViewController.swift */; };
		E458809226BCDDA8005D6573 /* PatientFormViewModel.swift in Sources */ = {isa = PBXBuildFile; fileRef = E458808A26BCDDA8005D6573 /* PatientFormViewModel.swift */; };
		E458809326BCDDA8005D6573 /* PatientFormViewState.swift in Sources */ = {isa = PBXBuildFile; fileRef = E458808C26BCDDA8005D6573 /* PatientFormViewState.swift */; };
		E458809426BCDDA8005D6573 /* PatientFormView.swift in Sources */ = {isa = PBXBuildFile; fileRef = E458808D26BCDDA8005D6573 /* PatientFormView.swift */; };
		E458809526BCDDA8005D6573 /* PatientFormViewType.swift in Sources */ = {isa = PBXBuildFile; fileRef = E458808E26BCDDA8005D6573 /* PatientFormViewType.swift */; };
		E458809626BCDDA8005D6573 /* PatientFormProtocols.swift in Sources */ = {isa = PBXBuildFile; fileRef = E458808F26BCDDA8005D6573 /* PatientFormProtocols.swift */; };
		E467014826A9120400A28683 /* SplashViewController.swift in Sources */ = {isa = PBXBuildFile; fileRef = E467014726A9120400A28683 /* SplashViewController.swift */; };
		E4828ABE26B361D9003E8138 /* PatientHallViewModel.swift in Sources */ = {isa = PBXBuildFile; fileRef = E4828AB526B361D9003E8138 /* PatientHallViewModel.swift */; };
		E4828ABF26B361D9003E8138 /* PatientHallViewController.swift in Sources */ = {isa = PBXBuildFile; fileRef = E4828AB626B361D9003E8138 /* PatientHallViewController.swift */; };
		E4828AC026B361D9003E8138 /* PatientHallViewEntity.swift in Sources */ = {isa = PBXBuildFile; fileRef = E4828AB826B361D9003E8138 /* PatientHallViewEntity.swift */; };
		E4828AC126B361D9003E8138 /* PatientHallViewState.swift in Sources */ = {isa = PBXBuildFile; fileRef = E4828ABA26B361D9003E8138 /* PatientHallViewState.swift */; };
		E4828AC226B361D9003E8138 /* PatientHallView.swift in Sources */ = {isa = PBXBuildFile; fileRef = E4828ABB26B361D9003E8138 /* PatientHallView.swift */; };
		E4828AC326B361D9003E8138 /* PatientHallViewType.swift in Sources */ = {isa = PBXBuildFile; fileRef = E4828ABC26B361D9003E8138 /* PatientHallViewType.swift */; };
		E4828AC426B361D9003E8138 /* PatientHallProtocols.swift in Sources */ = {isa = PBXBuildFile; fileRef = E4828ABD26B361D9003E8138 /* PatientHallProtocols.swift */; };
		E4828AC826B38D6D003E8138 /* ReminderTextField.swift in Sources */ = {isa = PBXBuildFile; fileRef = E4828AC726B38D6D003E8138 /* ReminderTextField.swift */; };
		E4828ACF26B3A7AC003E8138 /* UIImageView+.swift in Sources */ = {isa = PBXBuildFile; fileRef = E4828ACE26B3A7AC003E8138 /* UIImageView+.swift */; };
		E4828AD226B3BF9F003E8138 /* ReminderTableView.swift in Sources */ = {isa = PBXBuildFile; fileRef = E4828AD126B3BF9F003E8138 /* ReminderTableView.swift */; };
		E4A8041126AEE91500AE8593 /* SplashView.swift in Sources */ = {isa = PBXBuildFile; fileRef = E4A8041026AEE91500AE8593 /* SplashView.swift */; };
		E4A8041326AEEE7000AE8593 /* SplashViewType.swift in Sources */ = {isa = PBXBuildFile; fileRef = E4A8041226AEEE7000AE8593 /* SplashViewType.swift */; };
		E4A8041726AF043300AE8593 /* CoreLabel.swift in Sources */ = {isa = PBXBuildFile; fileRef = E4A8041626AF043300AE8593 /* CoreLabel.swift */; };
		E4A8041A26AF0D0A00AE8593 /* CoreLabelType.swift in Sources */ = {isa = PBXBuildFile; fileRef = E4A8041926AF0D0A00AE8593 /* CoreLabelType.swift */; };
		E4A8042126AF2C7700AE8593 /* CoreHeader.swift in Sources */ = {isa = PBXBuildFile; fileRef = E4A8042026AF2C7700AE8593 /* CoreHeader.swift */; };
		E4A8043126B0489800AE8593 /* CoreHeaderType.swift in Sources */ = {isa = PBXBuildFile; fileRef = E4A8043026B0489800AE8593 /* CoreHeaderType.swift */; };
		E4A8043626B1D7B500AE8593 /* CoreButtonType.swift in Sources */ = {isa = PBXBuildFile; fileRef = E4A8043526B1D7B500AE8593 /* CoreButtonType.swift */; };
		E4A8044626B1F7BA00AE8593 /* SignInProtocols.swift in Sources */ = {isa = PBXBuildFile; fileRef = E4A8043D26B1F7BA00AE8593 /* SignInProtocols.swift */; };
		E4A8044726B1F7BA00AE8593 /* SignInViewEntity.swift in Sources */ = {isa = PBXBuildFile; fileRef = E4A8043F26B1F7BA00AE8593 /* SignInViewEntity.swift */; };
		E4A8044826B1F7BA00AE8593 /* SignInViewType.swift in Sources */ = {isa = PBXBuildFile; fileRef = E4A8044126B1F7BA00AE8593 /* SignInViewType.swift */; };
		E4A8044926B1F7BA00AE8593 /* SignInView.swift in Sources */ = {isa = PBXBuildFile; fileRef = E4A8044226B1F7BA00AE8593 /* SignInView.swift */; };
		E4A8044A26B1F7BA00AE8593 /* SignInViewState.swift in Sources */ = {isa = PBXBuildFile; fileRef = E4A8044326B1F7BA00AE8593 /* SignInViewState.swift */; };
		E4A8044B26B1F7BA00AE8593 /* SignInViewModel.swift in Sources */ = {isa = PBXBuildFile; fileRef = E4A8044426B1F7BA00AE8593 /* SignInViewModel.swift */; };
		E4A8044C26B1F7BA00AE8593 /* SignInViewController.swift in Sources */ = {isa = PBXBuildFile; fileRef = E4A8044526B1F7BA00AE8593 /* SignInViewController.swift */; };
		E4C380D626AA67EB00CF2A9C /* CoreButton.swift in Sources */ = {isa = PBXBuildFile; fileRef = E4C380D526AA67EB00CF2A9C /* CoreButton.swift */; };
		E4C541DE26A9B4D70047F5E3 /* GradientStyle.swift in Sources */ = {isa = PBXBuildFile; fileRef = E4C541DD26A9B4D70047F5E3 /* GradientStyle.swift */; };
		E4DEE68D26A74F0E0026E89D /* AppDelegate.swift in Sources */ = {isa = PBXBuildFile; fileRef = E4DEE68C26A74F0E0026E89D /* AppDelegate.swift */; };
		E4DEE68F26A74F0E0026E89D /* SceneDelegate.swift in Sources */ = {isa = PBXBuildFile; fileRef = E4DEE68E26A74F0E0026E89D /* SceneDelegate.swift */; };
		E4DEE69626A74F0F0026E89D /* Assets.xcassets in Resources */ = {isa = PBXBuildFile; fileRef = E4DEE69526A74F0F0026E89D /* Assets.xcassets */; };
		E4DEE6A426A74F0F0026E89D /* USycholTests.swift in Sources */ = {isa = PBXBuildFile; fileRef = E4DEE6A326A74F0F0026E89D /* USycholTests.swift */; };
		E4DEE6AF26A74F0F0026E89D /* USycholUITests.swift in Sources */ = {isa = PBXBuildFile; fileRef = E4DEE6AE26A74F0F0026E89D /* USycholUITests.swift */; };
		E872802017AFA0EDD25058E8 /* Pods_USychol_USycholUITests.framework in Frameworks */ = {isa = PBXBuildFile; fileRef = 52C0B4C0A53D217E10422693 /* Pods_USychol_USycholUITests.framework */; };
/* End PBXBuildFile section */

/* Begin PBXContainerItemProxy section */
		E4DEE6A026A74F0F0026E89D /* PBXContainerItemProxy */ = {
			isa = PBXContainerItemProxy;
			containerPortal = E4DEE68126A74F0E0026E89D /* Project object */;
			proxyType = 1;
			remoteGlobalIDString = E4DEE68826A74F0E0026E89D;
			remoteInfo = USychol;
		};
		E4DEE6AB26A74F0F0026E89D /* PBXContainerItemProxy */ = {
			isa = PBXContainerItemProxy;
			containerPortal = E4DEE68126A74F0E0026E89D /* Project object */;
			proxyType = 1;
			remoteGlobalIDString = E4DEE68826A74F0E0026E89D;
			remoteInfo = USychol;
		};
/* End PBXContainerItemProxy section */

/* Begin PBXFileReference section */
		44EC2BAE942E0D25891E50A1 /* Pods-USychol-USycholUITests.release.xcconfig */ = {isa = PBXFileReference; includeInIndex = 1; lastKnownFileType = text.xcconfig; name = "Pods-USychol-USycholUITests.release.xcconfig"; path = "Target Support Files/Pods-USychol-USycholUITests/Pods-USychol-USycholUITests.release.xcconfig"; sourceTree = "<group>"; };
		52C0B4C0A53D217E10422693 /* Pods_USychol_USycholUITests.framework */ = {isa = PBXFileReference; explicitFileType = wrapper.framework; includeInIndex = 0; path = Pods_USychol_USycholUITests.framework; sourceTree = BUILT_PRODUCTS_DIR; };
		57B2734AFC3B8961ADF42606 /* Pods-USychol.release.xcconfig */ = {isa = PBXFileReference; includeInIndex = 1; lastKnownFileType = text.xcconfig; name = "Pods-USychol.release.xcconfig"; path = "Target Support Files/Pods-USychol/Pods-USychol.release.xcconfig"; sourceTree = "<group>"; };
		5C5AB07248AE5BBF0D6B58CE /* Pods-USycholTests.debug.xcconfig */ = {isa = PBXFileReference; includeInIndex = 1; lastKnownFileType = text.xcconfig; name = "Pods-USycholTests.debug.xcconfig"; path = "Target Support Files/Pods-USycholTests/Pods-USycholTests.debug.xcconfig"; sourceTree = "<group>"; };
		8F07CE0E26B43DF1001E4E15 /* Nunito-ExtraLight.ttf */ = {isa = PBXFileReference; lastKnownFileType = file; path = "Nunito-ExtraLight.ttf"; sourceTree = "<group>"; };
		8F07CE0F26B43DF1001E4E15 /* Nunito-Bold.ttf */ = {isa = PBXFileReference; lastKnownFileType = file; path = "Nunito-Bold.ttf"; sourceTree = "<group>"; };
		8F07CE1026B43DF2001E4E15 /* Nunito-ExtraBold.ttf */ = {isa = PBXFileReference; lastKnownFileType = file; path = "Nunito-ExtraBold.ttf"; sourceTree = "<group>"; };
		8F07CE1126B43DF2001E4E15 /* Nunito-SemiBold.ttf */ = {isa = PBXFileReference; lastKnownFileType = file; path = "Nunito-SemiBold.ttf"; sourceTree = "<group>"; };
		8F07CE1226B43DF2001E4E15 /* Nunito-Regular.ttf */ = {isa = PBXFileReference; lastKnownFileType = file; path = "Nunito-Regular.ttf"; sourceTree = "<group>"; };
		8F07CE1326B43DF2001E4E15 /* Nunito-Light.ttf */ = {isa = PBXFileReference; lastKnownFileType = file; path = "Nunito-Light.ttf"; sourceTree = "<group>"; };
		8F07CE1A26B43E0C001E4E15 /* Poppins-Regular.ttf */ = {isa = PBXFileReference; lastKnownFileType = file; path = "Poppins-Regular.ttf"; sourceTree = "<group>"; };
		8F07CE1B26B43E0C001E4E15 /* Poppins-SemiBold.ttf */ = {isa = PBXFileReference; lastKnownFileType = file; path = "Poppins-SemiBold.ttf"; sourceTree = "<group>"; };
		8F07CE1C26B43E0C001E4E15 /* Poppins-Bold.ttf */ = {isa = PBXFileReference; lastKnownFileType = file; path = "Poppins-Bold.ttf"; sourceTree = "<group>"; };
		8F07CE1D26B43E0D001E4E15 /* Poppins-Medium.ttf */ = {isa = PBXFileReference; lastKnownFileType = file; path = "Poppins-Medium.ttf"; sourceTree = "<group>"; };
		8F07CE2226B43E30001E4E15 /* Nunito-Black.ttf */ = {isa = PBXFileReference; lastKnownFileType = file; path = "Nunito-Black.ttf"; sourceTree = "<group>"; };
		C9F373F445B2AA50CB5906DC /* Pods-USycholTests.release.xcconfig */ = {isa = PBXFileReference; includeInIndex = 1; lastKnownFileType = text.xcconfig; name = "Pods-USycholTests.release.xcconfig"; path = "Target Support Files/Pods-USycholTests/Pods-USycholTests.release.xcconfig"; sourceTree = "<group>"; };
		D46F120F8573550CB9F3361F /* Pods_USycholTests.framework */ = {isa = PBXFileReference; explicitFileType = wrapper.framework; includeInIndex = 0; path = Pods_USycholTests.framework; sourceTree = BUILT_PRODUCTS_DIR; };
		DC7FD7262B7071D9640D2B2C /* Pods-USychol-USycholUITests.debug.xcconfig */ = {isa = PBXFileReference; includeInIndex = 1; lastKnownFileType = text.xcconfig; name = "Pods-USychol-USycholUITests.debug.xcconfig"; path = "Target Support Files/Pods-USychol-USycholUITests/Pods-USychol-USycholUITests.debug.xcconfig"; sourceTree = "<group>"; };
		E444E58B26BDF62B00D94FBB /* CoreInputField.swift */ = {isa = PBXFileReference; fileEncoding = 4; lastKnownFileType = sourcecode.swift; path = CoreInputField.swift; sourceTree = "<group>"; };
		E444E58E26BDF64800D94FBB /* SignUpViewController.swift */ = {isa = PBXFileReference; fileEncoding = 4; lastKnownFileType = sourcecode.swift; path = SignUpViewController.swift; sourceTree = "<group>"; };
		E444E58F26BDF64800D94FBB /* SignUpViewModel.swift */ = {isa = PBXFileReference; fileEncoding = 4; lastKnownFileType = sourcecode.swift; path = SignUpViewModel.swift; sourceTree = "<group>"; };
		E444E59126BDF64800D94FBB /* SignUpViewEntity.swift */ = {isa = PBXFileReference; fileEncoding = 4; lastKnownFileType = sourcecode.swift; path = SignUpViewEntity.swift; sourceTree = "<group>"; };
		E444E59326BDF64800D94FBB /* SignUpViewState.swift */ = {isa = PBXFileReference; fileEncoding = 4; lastKnownFileType = sourcecode.swift; path = SignUpViewState.swift; sourceTree = "<group>"; };
		E444E59426BDF64800D94FBB /* SignUpViewType.swift */ = {isa = PBXFileReference; fileEncoding = 4; lastKnownFileType = sourcecode.swift; path = SignUpViewType.swift; sourceTree = "<group>"; };
		E444E59526BDF64800D94FBB /* SignUpProtocols.swift */ = {isa = PBXFileReference; fileEncoding = 4; lastKnownFileType = sourcecode.swift; path = SignUpProtocols.swift; sourceTree = "<group>"; };
		E444E59C26BDF6D900D94FBB /* SignUpView.swift */ = {isa = PBXFileReference; fileEncoding = 4; lastKnownFileType = sourcecode.swift; path = SignUpView.swift; sourceTree = "<group>"; };
		E444E59E26BDF7F000D94FBB /* Inter-VariableFont_slnt,wght.ttf */ = {isa = PBXFileReference; lastKnownFileType = file; path = "Inter-VariableFont_slnt,wght.ttf"; sourceTree = "<group>"; };
		E455B61B26B4508C000D298A /* ReminderRepositoryProtocol.swift */ = {isa = PBXFileReference; lastKnownFileType = sourcecode.swift; path = ReminderRepositoryProtocol.swift; sourceTree = "<group>"; };
		E455B61F26B4517C000D298A /* ReminderRepository.swift */ = {isa = PBXFileReference; lastKnownFileType = sourcecode.swift; path = ReminderRepository.swift; sourceTree = "<group>"; };
		E455B62226B453D3000D298A /* Reminder.swift */ = {isa = PBXFileReference; lastKnownFileType = sourcecode.swift; path = Reminder.swift; sourceTree = "<group>"; };
		E455B62426B47132000D298A /* ReminderTableViewCell.swift */ = {isa = PBXFileReference; lastKnownFileType = sourcecode.swift; path = ReminderTableViewCell.swift; sourceTree = "<group>"; };
		E458807A26BC047F005D6573 /* PatientTableView.swift */ = {isa = PBXFileReference; lastKnownFileType = sourcecode.swift; path = PatientTableView.swift; sourceTree = "<group>"; };
		E458807C26BC04FF005D6573 /* PatientTableViewCell.swift */ = {isa = PBXFileReference; lastKnownFileType = sourcecode.swift; path = PatientTableViewCell.swift; sourceTree = "<group>"; };
		E458807E26BC7ABC005D6573 /* Patient.swift */ = {isa = PBXFileReference; lastKnownFileType = sourcecode.swift; path = Patient.swift; sourceTree = "<group>"; };
		E458808026BC85F3005D6573 /* PatientRepositoryProtocol.swift */ = {isa = PBXFileReference; lastKnownFileType = sourcecode.swift; path = PatientRepositoryProtocol.swift; sourceTree = "<group>"; };
		E458808226BC861F005D6573 /* PatientRepository.swift */ = {isa = PBXFileReference; lastKnownFileType = sourcecode.swift; path = PatientRepository.swift; sourceTree = "<group>"; };
		E458808826BCDDA8005D6573 /* PatientFormViewEntity.swift */ = {isa = PBXFileReference; fileEncoding = 4; lastKnownFileType = sourcecode.swift; path = PatientFormViewEntity.swift; sourceTree = "<group>"; };
		E458808926BCDDA8005D6573 /* PatientFormViewController.swift */ = {isa = PBXFileReference; fileEncoding = 4; lastKnownFileType = sourcecode.swift; path = PatientFormViewController.swift; sourceTree = "<group>"; };
		E458808A26BCDDA8005D6573 /* PatientFormViewModel.swift */ = {isa = PBXFileReference; fileEncoding = 4; lastKnownFileType = sourcecode.swift; path = PatientFormViewModel.swift; sourceTree = "<group>"; };
		E458808C26BCDDA8005D6573 /* PatientFormViewState.swift */ = {isa = PBXFileReference; fileEncoding = 4; lastKnownFileType = sourcecode.swift; path = PatientFormViewState.swift; sourceTree = "<group>"; };
		E458808D26BCDDA8005D6573 /* PatientFormView.swift */ = {isa = PBXFileReference; fileEncoding = 4; lastKnownFileType = sourcecode.swift; path = PatientFormView.swift; sourceTree = "<group>"; };
		E458808E26BCDDA8005D6573 /* PatientFormViewType.swift */ = {isa = PBXFileReference; fileEncoding = 4; lastKnownFileType = sourcecode.swift; path = PatientFormViewType.swift; sourceTree = "<group>"; };
		E458808F26BCDDA8005D6573 /* PatientFormProtocols.swift */ = {isa = PBXFileReference; fileEncoding = 4; lastKnownFileType = sourcecode.swift; path = PatientFormProtocols.swift; sourceTree = "<group>"; };
		E467014726A9120400A28683 /* SplashViewController.swift */ = {isa = PBXFileReference; lastKnownFileType = sourcecode.swift; path = SplashViewController.swift; sourceTree = "<group>"; };
		E4828AB526B361D9003E8138 /* PatientHallViewModel.swift */ = {isa = PBXFileReference; fileEncoding = 4; lastKnownFileType = sourcecode.swift; path = PatientHallViewModel.swift; sourceTree = "<group>"; };
		E4828AB626B361D9003E8138 /* PatientHallViewController.swift */ = {isa = PBXFileReference; fileEncoding = 4; lastKnownFileType = sourcecode.swift; path = PatientHallViewController.swift; sourceTree = "<group>"; };
		E4828AB826B361D9003E8138 /* PatientHallViewEntity.swift */ = {isa = PBXFileReference; fileEncoding = 4; lastKnownFileType = sourcecode.swift; path = PatientHallViewEntity.swift; sourceTree = "<group>"; };
		E4828ABA26B361D9003E8138 /* PatientHallViewState.swift */ = {isa = PBXFileReference; fileEncoding = 4; lastKnownFileType = sourcecode.swift; path = PatientHallViewState.swift; sourceTree = "<group>"; };
		E4828ABB26B361D9003E8138 /* PatientHallView.swift */ = {isa = PBXFileReference; fileEncoding = 4; lastKnownFileType = sourcecode.swift; path = PatientHallView.swift; sourceTree = "<group>"; };
		E4828ABC26B361D9003E8138 /* PatientHallViewType.swift */ = {isa = PBXFileReference; fileEncoding = 4; lastKnownFileType = sourcecode.swift; path = PatientHallViewType.swift; sourceTree = "<group>"; };
		E4828ABD26B361D9003E8138 /* PatientHallProtocols.swift */ = {isa = PBXFileReference; fileEncoding = 4; lastKnownFileType = sourcecode.swift; path = PatientHallProtocols.swift; sourceTree = "<group>"; };
		E4828AC726B38D6D003E8138 /* ReminderTextField.swift */ = {isa = PBXFileReference; lastKnownFileType = sourcecode.swift; path = ReminderTextField.swift; sourceTree = "<group>"; };
		E4828ACE26B3A7AC003E8138 /* UIImageView+.swift */ = {isa = PBXFileReference; lastKnownFileType = sourcecode.swift; path = "UIImageView+.swift"; sourceTree = "<group>"; };
		E4828AD126B3BF9F003E8138 /* ReminderTableView.swift */ = {isa = PBXFileReference; lastKnownFileType = sourcecode.swift; path = ReminderTableView.swift; sourceTree = "<group>"; };
		E4A8041026AEE91500AE8593 /* SplashView.swift */ = {isa = PBXFileReference; lastKnownFileType = sourcecode.swift; path = SplashView.swift; sourceTree = "<group>"; };
		E4A8041226AEEE7000AE8593 /* SplashViewType.swift */ = {isa = PBXFileReference; lastKnownFileType = sourcecode.swift; path = SplashViewType.swift; sourceTree = "<group>"; };
		E4A8041626AF043300AE8593 /* CoreLabel.swift */ = {isa = PBXFileReference; lastKnownFileType = sourcecode.swift; path = CoreLabel.swift; sourceTree = "<group>"; };
		E4A8041926AF0D0A00AE8593 /* CoreLabelType.swift */ = {isa = PBXFileReference; lastKnownFileType = sourcecode.swift; path = CoreLabelType.swift; sourceTree = "<group>"; };
		E4A8042026AF2C7700AE8593 /* CoreHeader.swift */ = {isa = PBXFileReference; lastKnownFileType = sourcecode.swift; path = CoreHeader.swift; sourceTree = "<group>"; };
		E4A8043026B0489800AE8593 /* CoreHeaderType.swift */ = {isa = PBXFileReference; lastKnownFileType = sourcecode.swift; path = CoreHeaderType.swift; sourceTree = "<group>"; };
		E4A8043526B1D7B500AE8593 /* CoreButtonType.swift */ = {isa = PBXFileReference; lastKnownFileType = sourcecode.swift; path = CoreButtonType.swift; sourceTree = "<group>"; };
		E4A8043D26B1F7BA00AE8593 /* SignInProtocols.swift */ = {isa = PBXFileReference; fileEncoding = 4; lastKnownFileType = sourcecode.swift; path = SignInProtocols.swift; sourceTree = "<group>"; };
		E4A8043F26B1F7BA00AE8593 /* SignInViewEntity.swift */ = {isa = PBXFileReference; fileEncoding = 4; lastKnownFileType = sourcecode.swift; path = SignInViewEntity.swift; sourceTree = "<group>"; };
		E4A8044126B1F7BA00AE8593 /* SignInViewType.swift */ = {isa = PBXFileReference; fileEncoding = 4; lastKnownFileType = sourcecode.swift; path = SignInViewType.swift; sourceTree = "<group>"; };
		E4A8044226B1F7BA00AE8593 /* SignInView.swift */ = {isa = PBXFileReference; fileEncoding = 4; lastKnownFileType = sourcecode.swift; path = SignInView.swift; sourceTree = "<group>"; };
		E4A8044326B1F7BA00AE8593 /* SignInViewState.swift */ = {isa = PBXFileReference; fileEncoding = 4; lastKnownFileType = sourcecode.swift; path = SignInViewState.swift; sourceTree = "<group>"; };
		E4A8044426B1F7BA00AE8593 /* SignInViewModel.swift */ = {isa = PBXFileReference; fileEncoding = 4; lastKnownFileType = sourcecode.swift; path = SignInViewModel.swift; sourceTree = "<group>"; };
		E4A8044526B1F7BA00AE8593 /* SignInViewController.swift */ = {isa = PBXFileReference; fileEncoding = 4; lastKnownFileType = sourcecode.swift; path = SignInViewController.swift; sourceTree = "<group>"; };
		E4C380D526AA67EB00CF2A9C /* CoreButton.swift */ = {isa = PBXFileReference; lastKnownFileType = sourcecode.swift; path = CoreButton.swift; sourceTree = "<group>"; };
		E4C541DD26A9B4D70047F5E3 /* GradientStyle.swift */ = {isa = PBXFileReference; lastKnownFileType = sourcecode.swift; path = GradientStyle.swift; sourceTree = "<group>"; };
		E4DEE68926A74F0E0026E89D /* USychol.app */ = {isa = PBXFileReference; explicitFileType = wrapper.application; includeInIndex = 0; path = USychol.app; sourceTree = BUILT_PRODUCTS_DIR; };
		E4DEE68C26A74F0E0026E89D /* AppDelegate.swift */ = {isa = PBXFileReference; lastKnownFileType = sourcecode.swift; path = AppDelegate.swift; sourceTree = "<group>"; };
		E4DEE68E26A74F0E0026E89D /* SceneDelegate.swift */ = {isa = PBXFileReference; lastKnownFileType = sourcecode.swift; path = SceneDelegate.swift; sourceTree = "<group>"; };
		E4DEE69526A74F0F0026E89D /* Assets.xcassets */ = {isa = PBXFileReference; lastKnownFileType = folder.assetcatalog; path = Assets.xcassets; sourceTree = "<group>"; };
		E4DEE69A26A74F0F0026E89D /* Info.plist */ = {isa = PBXFileReference; lastKnownFileType = text.plist.xml; path = Info.plist; sourceTree = "<group>"; };
		E4DEE69F26A74F0F0026E89D /* USycholTests.xctest */ = {isa = PBXFileReference; explicitFileType = wrapper.cfbundle; includeInIndex = 0; path = USycholTests.xctest; sourceTree = BUILT_PRODUCTS_DIR; };
		E4DEE6A326A74F0F0026E89D /* USycholTests.swift */ = {isa = PBXFileReference; lastKnownFileType = sourcecode.swift; path = USycholTests.swift; sourceTree = "<group>"; };
		E4DEE6A526A74F0F0026E89D /* Info.plist */ = {isa = PBXFileReference; lastKnownFileType = text.plist.xml; path = Info.plist; sourceTree = "<group>"; };
		E4DEE6AA26A74F0F0026E89D /* USycholUITests.xctest */ = {isa = PBXFileReference; explicitFileType = wrapper.cfbundle; includeInIndex = 0; path = USycholUITests.xctest; sourceTree = BUILT_PRODUCTS_DIR; };
		E4DEE6AE26A74F0F0026E89D /* USycholUITests.swift */ = {isa = PBXFileReference; lastKnownFileType = sourcecode.swift; path = USycholUITests.swift; sourceTree = "<group>"; };
		E4DEE6B026A74F0F0026E89D /* Info.plist */ = {isa = PBXFileReference; lastKnownFileType = text.plist.xml; path = Info.plist; sourceTree = "<group>"; };
		E93573A3E1BF82CCCF152C9C /* Pods-USychol.debug.xcconfig */ = {isa = PBXFileReference; includeInIndex = 1; lastKnownFileType = text.xcconfig; name = "Pods-USychol.debug.xcconfig"; path = "Target Support Files/Pods-USychol/Pods-USychol.debug.xcconfig"; sourceTree = "<group>"; };
		FC4EB53C5F0FCA6BD1B72492 /* Pods_USychol.framework */ = {isa = PBXFileReference; explicitFileType = wrapper.framework; includeInIndex = 0; path = Pods_USychol.framework; sourceTree = BUILT_PRODUCTS_DIR; };
/* End PBXFileReference section */

/* Begin PBXFrameworksBuildPhase section */
		E4DEE68626A74F0E0026E89D /* Frameworks */ = {
			isa = PBXFrameworksBuildPhase;
			buildActionMask = 2147483647;
			files = (
				0451A44499A8B7A1D3F11AAA /* Pods_USychol.framework in Frameworks */,
			);
			runOnlyForDeploymentPostprocessing = 0;
		};
		E4DEE69C26A74F0F0026E89D /* Frameworks */ = {
			isa = PBXFrameworksBuildPhase;
			buildActionMask = 2147483647;
			files = (
				116E7EEA807149D854F8F52C /* Pods_USycholTests.framework in Frameworks */,
			);
			runOnlyForDeploymentPostprocessing = 0;
		};
		E4DEE6A726A74F0F0026E89D /* Frameworks */ = {
			isa = PBXFrameworksBuildPhase;
			buildActionMask = 2147483647;
			files = (
				E872802017AFA0EDD25058E8 /* Pods_USychol_USycholUITests.framework in Frameworks */,
			);
			runOnlyForDeploymentPostprocessing = 0;
		};
/* End PBXFrameworksBuildPhase section */

/* Begin PBXGroup section */
		3A52BD7C78DFB90E501330BF /* Frameworks */ = {
			isa = PBXGroup;
			children = (
				FC4EB53C5F0FCA6BD1B72492 /* Pods_USychol.framework */,
				52C0B4C0A53D217E10422693 /* Pods_USychol_USycholUITests.framework */,
				D46F120F8573550CB9F3361F /* Pods_USycholTests.framework */,
			);
			name = Frameworks;
			sourceTree = "<group>";
		};
		5914DE2341055F1E84150F93 /* Pods */ = {
			isa = PBXGroup;
			children = (
				E93573A3E1BF82CCCF152C9C /* Pods-USychol.debug.xcconfig */,
				57B2734AFC3B8961ADF42606 /* Pods-USychol.release.xcconfig */,
				DC7FD7262B7071D9640D2B2C /* Pods-USychol-USycholUITests.debug.xcconfig */,
				44EC2BAE942E0D25891E50A1 /* Pods-USychol-USycholUITests.release.xcconfig */,
				5C5AB07248AE5BBF0D6B58CE /* Pods-USycholTests.debug.xcconfig */,
				C9F373F445B2AA50CB5906DC /* Pods-USycholTests.release.xcconfig */,
			);
			path = Pods;
			sourceTree = "<group>";
		};
		E444E58A26BDF62B00D94FBB /* CoreInputField */ = {
			isa = PBXGroup;
			children = (
				E444E58B26BDF62B00D94FBB /* CoreInputField.swift */,
			);
			path = CoreInputField;
			sourceTree = "<group>";
		};
		E444E58D26BDF64800D94FBB /* SignUp */ = {
			isa = PBXGroup;
			children = (
				E444E58E26BDF64800D94FBB /* SignUpViewController.swift */,
				E444E58F26BDF64800D94FBB /* SignUpViewModel.swift */,
				E444E59026BDF64800D94FBB /* Entity */,
				E444E59226BDF64800D94FBB /* View */,
				E444E59526BDF64800D94FBB /* SignUpProtocols.swift */,
			);
			path = SignUp;
			sourceTree = "<group>";
		};
		E444E59026BDF64800D94FBB /* Entity */ = {
			isa = PBXGroup;
			children = (
				E444E59126BDF64800D94FBB /* SignUpViewEntity.swift */,
			);
			path = Entity;
			sourceTree = "<group>";
		};
		E444E59226BDF64800D94FBB /* View */ = {
			isa = PBXGroup;
			children = (
				E444E59C26BDF6D900D94FBB /* SignUpView.swift */,
				E444E59326BDF64800D94FBB /* SignUpViewState.swift */,
				E444E59426BDF64800D94FBB /* SignUpViewType.swift */,
			);
			path = View;
			sourceTree = "<group>";
		};
		E455B61826B44D4F000D298A /* Domain */ = {
			isa = PBXGroup;
			children = (
				E455B62126B453B0000D298A /* Entities */,
				E455B61926B45051000D298A /* Protocols */,
			);
			path = Domain;
			sourceTree = "<group>";
		};
		E455B61926B45051000D298A /* Protocols */ = {
			isa = PBXGroup;
			children = (
				E455B61A26B45058000D298A /* Repositories */,
			);
			path = Protocols;
			sourceTree = "<group>";
		};
		E455B61A26B45058000D298A /* Repositories */ = {
			isa = PBXGroup;
			children = (
				E455B61B26B4508C000D298A /* ReminderRepositoryProtocol.swift */,
				E458808026BC85F3005D6573 /* PatientRepositoryProtocol.swift */,
			);
			path = Repositories;
			sourceTree = "<group>";
		};
		E455B61D26B45111000D298A /* Data */ = {
			isa = PBXGroup;
			children = (
				E455B61E26B45125000D298A /* Repositories */,
			);
			path = Data;
			sourceTree = "<group>";
		};
		E455B61E26B45125000D298A /* Repositories */ = {
			isa = PBXGroup;
			children = (
				E455B61F26B4517C000D298A /* ReminderRepository.swift */,
				E458808226BC861F005D6573 /* PatientRepository.swift */,
			);
			path = Repositories;
			sourceTree = "<group>";
		};
		E455B62126B453B0000D298A /* Entities */ = {
			isa = PBXGroup;
			children = (
				E455B62226B453D3000D298A /* Reminder.swift */,
				E458807E26BC7ABC005D6573 /* Patient.swift */,
			);
			path = Entities;
			sourceTree = "<group>";
		};
		E455F91D26A7BF37004A85B2 /* Application */ = {
			isa = PBXGroup;
			children = (
				E4DEE69A26A74F0F0026E89D /* Info.plist */,
				E4DEE68C26A74F0E0026E89D /* AppDelegate.swift */,
				E4DEE68E26A74F0E0026E89D /* SceneDelegate.swift */,
			);
			name = Application;
			sourceTree = "<group>";
		};
		E455F91E26A7BF8C004A85B2 /* Assets */ = {
			isa = PBXGroup;
			children = (
				E467013826A8BA7400A28683 /* Fonts */,
				E4DEE69526A74F0F0026E89D /* Assets.xcassets */,
			);
			path = Assets;
			sourceTree = "<group>";
		};
		E458807926BC03EB005D6573 /* PatientTableView */ = {
			isa = PBXGroup;
			children = (
				E458807A26BC047F005D6573 /* PatientTableView.swift */,
				E458807C26BC04FF005D6573 /* PatientTableViewCell.swift */,
			);
			path = PatientTableView;
			sourceTree = "<group>";
		};
		E458808626BCDDA8005D6573 /* PatientForm */ = {
			isa = PBXGroup;
			children = (
				E458808726BCDDA8005D6573 /* Entity */,
				E458808926BCDDA8005D6573 /* PatientFormViewController.swift */,
				E458808A26BCDDA8005D6573 /* PatientFormViewModel.swift */,
				E458808B26BCDDA8005D6573 /* View */,
				E458808F26BCDDA8005D6573 /* PatientFormProtocols.swift */,
			);
			path = PatientForm;
			sourceTree = "<group>";
		};
		E458808726BCDDA8005D6573 /* Entity */ = {
			isa = PBXGroup;
			children = (
				E458808826BCDDA8005D6573 /* PatientFormViewEntity.swift */,
			);
			path = Entity;
			sourceTree = "<group>";
		};
		E458808B26BCDDA8005D6573 /* View */ = {
			isa = PBXGroup;
			children = (
				E458808C26BCDDA8005D6573 /* PatientFormViewState.swift */,
				E458808D26BCDDA8005D6573 /* PatientFormView.swift */,
				E458808E26BCDDA8005D6573 /* PatientFormViewType.swift */,
			);
			path = View;
			sourceTree = "<group>";
		};
		E467013526A8B66C00A28683 /* View */ = {
			isa = PBXGroup;
			children = (
				E467013726A8B68B00A28683 /* Features */,
				E467013626A8B67F00A28683 /* CoreUI */,
				E467014326A8EAEB00A28683 /* CoreStyle */,
			);
			path = View;
			sourceTree = "<group>";
		};
		E467013626A8B67F00A28683 /* CoreUI */ = {
			isa = PBXGroup;
			children = (
				E444E58A26BDF62B00D94FBB /* CoreInputField */,
				E4A8043426B1D76400AE8593 /* CoreButton */,
				E4A8041B26AF198C00AE8593 /* CoreHeader */,
				E4A8041826AF0CF700AE8593 /* CoreLabel */,
				E4828ACE26B3A7AC003E8138 /* UIImageView+.swift */,
			);
			path = CoreUI;
			sourceTree = "<group>";
		};
		E467013726A8B68B00A28683 /* Features */ = {
			isa = PBXGroup;
			children = (
				E444E58D26BDF64800D94FBB /* SignUp */,
				E458808626BCDDA8005D6573 /* PatientForm */,
				E4828AB426B361D9003E8138 /* PatientHall */,
				E4A8043C26B1F7BA00AE8593 /* SignIn */,
				E467014626A911D600A28683 /* Splash */,
			);
			path = Features;
			sourceTree = "<group>";
		};
		E467013826A8BA7400A28683 /* Fonts */ = {
			isa = PBXGroup;
			children = (
				E444E59E26BDF7F000D94FBB /* Inter-VariableFont_slnt,wght.ttf */,
				8F07CE2226B43E30001E4E15 /* Nunito-Black.ttf */,
				8F07CE1C26B43E0C001E4E15 /* Poppins-Bold.ttf */,
				8F07CE1D26B43E0D001E4E15 /* Poppins-Medium.ttf */,
				8F07CE1A26B43E0C001E4E15 /* Poppins-Regular.ttf */,
				8F07CE1B26B43E0C001E4E15 /* Poppins-SemiBold.ttf */,
				8F07CE0F26B43DF1001E4E15 /* Nunito-Bold.ttf */,
				8F07CE1026B43DF2001E4E15 /* Nunito-ExtraBold.ttf */,
				8F07CE0E26B43DF1001E4E15 /* Nunito-ExtraLight.ttf */,
				8F07CE1326B43DF2001E4E15 /* Nunito-Light.ttf */,
				8F07CE1226B43DF2001E4E15 /* Nunito-Regular.ttf */,
				8F07CE1126B43DF2001E4E15 /* Nunito-SemiBold.ttf */,
			);
			path = Fonts;
			sourceTree = "<group>";
		};
		E467014326A8EAEB00A28683 /* CoreStyle */ = {
			isa = PBXGroup;
			children = (
				E4C541DD26A9B4D70047F5E3 /* GradientStyle.swift */,
			);
			path = CoreStyle;
			sourceTree = "<group>";
		};
		E467014626A911D600A28683 /* Splash */ = {
			isa = PBXGroup;
			children = (
				E467014726A9120400A28683 /* SplashViewController.swift */,
				E4A8040F26AEE90400AE8593 /* View */,
			);
			path = Splash;
			sourceTree = "<group>";
		};
		E4828AB426B361D9003E8138 /* PatientHall */ = {
			isa = PBXGroup;
			children = (
				E4828AB526B361D9003E8138 /* PatientHallViewModel.swift */,
				E4828AB626B361D9003E8138 /* PatientHallViewController.swift */,
				E4828AB726B361D9003E8138 /* Entity */,
				E4828AB926B361D9003E8138 /* View */,
				E4828ABD26B361D9003E8138 /* PatientHallProtocols.swift */,
			);
			path = PatientHall;
			sourceTree = "<group>";
		};
		E4828AB726B361D9003E8138 /* Entity */ = {
			isa = PBXGroup;
			children = (
				E4828AB826B361D9003E8138 /* PatientHallViewEntity.swift */,
			);
			path = Entity;
			sourceTree = "<group>";
		};
		E4828AB926B361D9003E8138 /* View */ = {
			isa = PBXGroup;
			children = (
				E4828AC626B38B9E003E8138 /* Components */,
				E4828ABA26B361D9003E8138 /* PatientHallViewState.swift */,
				E4828ABB26B361D9003E8138 /* PatientHallView.swift */,
				E4828ABC26B361D9003E8138 /* PatientHallViewType.swift */,
			);
			path = View;
			sourceTree = "<group>";
		};
		E4828AC626B38B9E003E8138 /* Components */ = {
			isa = PBXGroup;
			children = (
				E458807926BC03EB005D6573 /* PatientTableView */,
				E4828AD026B3BD54003E8138 /* ReminderTableView */,
				E4828AC726B38D6D003E8138 /* ReminderTextField.swift */,
			);
			path = Components;
			sourceTree = "<group>";
		};
		E4828AD026B3BD54003E8138 /* ReminderTableView */ = {
			isa = PBXGroup;
			children = (
				E4828AD126B3BF9F003E8138 /* ReminderTableView.swift */,
				E455B62426B47132000D298A /* ReminderTableViewCell.swift */,
			);
			path = ReminderTableView;
			sourceTree = "<group>";
		};
		E4A8040F26AEE90400AE8593 /* View */ = {
			isa = PBXGroup;
			children = (
				E4A8041026AEE91500AE8593 /* SplashView.swift */,
				E4A8041226AEEE7000AE8593 /* SplashViewType.swift */,
			);
			path = View;
			sourceTree = "<group>";
		};
		E4A8041826AF0CF700AE8593 /* CoreLabel */ = {
			isa = PBXGroup;
			children = (
				E4A8041626AF043300AE8593 /* CoreLabel.swift */,
				E4A8041926AF0D0A00AE8593 /* CoreLabelType.swift */,
			);
			path = CoreLabel;
			sourceTree = "<group>";
		};
		E4A8041B26AF198C00AE8593 /* CoreHeader */ = {
			isa = PBXGroup;
			children = (
				E4A8042026AF2C7700AE8593 /* CoreHeader.swift */,
				E4A8043026B0489800AE8593 /* CoreHeaderType.swift */,
			);
			path = CoreHeader;
			sourceTree = "<group>";
		};
		E4A8043426B1D76400AE8593 /* CoreButton */ = {
			isa = PBXGroup;
			children = (
				E4C380D526AA67EB00CF2A9C /* CoreButton.swift */,
				E4A8043526B1D7B500AE8593 /* CoreButtonType.swift */,
			);
			path = CoreButton;
			sourceTree = "<group>";
		};
		E4A8043C26B1F7BA00AE8593 /* SignIn */ = {
			isa = PBXGroup;
			children = (
				E4A8043D26B1F7BA00AE8593 /* SignInProtocols.swift */,
				E4A8043E26B1F7BA00AE8593 /* Entity */,
				E4A8044026B1F7BA00AE8593 /* View */,
				E4A8044426B1F7BA00AE8593 /* SignInViewModel.swift */,
				E4A8044526B1F7BA00AE8593 /* SignInViewController.swift */,
			);
			path = SignIn;
			sourceTree = "<group>";
		};
		E4A8043E26B1F7BA00AE8593 /* Entity */ = {
			isa = PBXGroup;
			children = (
				E4A8043F26B1F7BA00AE8593 /* SignInViewEntity.swift */,
			);
			path = Entity;
			sourceTree = "<group>";
		};
		E4A8044026B1F7BA00AE8593 /* View */ = {
			isa = PBXGroup;
			children = (
				E4A8044126B1F7BA00AE8593 /* SignInViewType.swift */,
				E4A8044226B1F7BA00AE8593 /* SignInView.swift */,
				E4A8044326B1F7BA00AE8593 /* SignInViewState.swift */,
			);
			path = View;
			sourceTree = "<group>";
		};
		E4DEE68026A74F0E0026E89D = {
			isa = PBXGroup;
			children = (
				E4DEE68B26A74F0E0026E89D /* USychol */,
				E4DEE6A226A74F0F0026E89D /* USycholTests */,
				E4DEE6AD26A74F0F0026E89D /* USycholUITests */,
				E4DEE68A26A74F0E0026E89D /* Products */,
				5914DE2341055F1E84150F93 /* Pods */,
				3A52BD7C78DFB90E501330BF /* Frameworks */,
			);
			sourceTree = "<group>";
		};
		E4DEE68A26A74F0E0026E89D /* Products */ = {
			isa = PBXGroup;
			children = (
				E4DEE68926A74F0E0026E89D /* USychol.app */,
				E4DEE69F26A74F0F0026E89D /* USycholTests.xctest */,
				E4DEE6AA26A74F0F0026E89D /* USycholUITests.xctest */,
			);
			name = Products;
			sourceTree = "<group>";
		};
		E4DEE68B26A74F0E0026E89D /* USychol */ = {
			isa = PBXGroup;
			children = (
				E455B61826B44D4F000D298A /* Domain */,
				E455B61D26B45111000D298A /* Data */,
				E467013526A8B66C00A28683 /* View */,
				E455F91D26A7BF37004A85B2 /* Application */,
				E455F91E26A7BF8C004A85B2 /* Assets */,
			);
			path = USychol;
			sourceTree = "<group>";
		};
		E4DEE6A226A74F0F0026E89D /* USycholTests */ = {
			isa = PBXGroup;
			children = (
				E4DEE6A326A74F0F0026E89D /* USycholTests.swift */,
				E4DEE6A526A74F0F0026E89D /* Info.plist */,
			);
			path = USycholTests;
			sourceTree = "<group>";
		};
		E4DEE6AD26A74F0F0026E89D /* USycholUITests */ = {
			isa = PBXGroup;
			children = (
				E4DEE6AE26A74F0F0026E89D /* USycholUITests.swift */,
				E4DEE6B026A74F0F0026E89D /* Info.plist */,
			);
			path = USycholUITests;
			sourceTree = "<group>";
		};
/* End PBXGroup section */

/* Begin PBXNativeTarget section */
		E4DEE68826A74F0E0026E89D /* USychol */ = {
			isa = PBXNativeTarget;
			buildConfigurationList = E4DEE6B326A74F0F0026E89D /* Build configuration list for PBXNativeTarget "USychol" */;
			buildPhases = (
				D3E883787820AFED1E76D466 /* [CP] Check Pods Manifest.lock */,
				E4DEE68526A74F0E0026E89D /* Sources */,
				E4DEE68626A74F0E0026E89D /* Frameworks */,
				E4DEE68726A74F0E0026E89D /* Resources */,
				95A8828698DB86525E35E256 /* [CP] Embed Pods Frameworks */,
			);
			buildRules = (
			);
			dependencies = (
			);
			name = USychol;
			productName = USychol;
			productReference = E4DEE68926A74F0E0026E89D /* USychol.app */;
			productType = "com.apple.product-type.application";
		};
		E4DEE69E26A74F0F0026E89D /* USycholTests */ = {
			isa = PBXNativeTarget;
			buildConfigurationList = E4DEE6B626A74F0F0026E89D /* Build configuration list for PBXNativeTarget "USycholTests" */;
			buildPhases = (
				043936919E7A20CA35CC4F2F /* [CP] Check Pods Manifest.lock */,
				E4DEE69B26A74F0F0026E89D /* Sources */,
				E4DEE69C26A74F0F0026E89D /* Frameworks */,
				E4DEE69D26A74F0F0026E89D /* Resources */,
			);
			buildRules = (
			);
			dependencies = (
				E4DEE6A126A74F0F0026E89D /* PBXTargetDependency */,
			);
			name = USycholTests;
			productName = USycholTests;
			productReference = E4DEE69F26A74F0F0026E89D /* USycholTests.xctest */;
			productType = "com.apple.product-type.bundle.unit-test";
		};
		E4DEE6A926A74F0F0026E89D /* USycholUITests */ = {
			isa = PBXNativeTarget;
			buildConfigurationList = E4DEE6B926A74F0F0026E89D /* Build configuration list for PBXNativeTarget "USycholUITests" */;
			buildPhases = (
				84B639521F11D542B0539B37 /* [CP] Check Pods Manifest.lock */,
				E4DEE6A626A74F0F0026E89D /* Sources */,
				E4DEE6A726A74F0F0026E89D /* Frameworks */,
				E4DEE6A826A74F0F0026E89D /* Resources */,
				14FE59A8685ED1EB5CD3FD85 /* [CP] Embed Pods Frameworks */,
			);
			buildRules = (
			);
			dependencies = (
				E4DEE6AC26A74F0F0026E89D /* PBXTargetDependency */,
			);
			name = USycholUITests;
			productName = USycholUITests;
			productReference = E4DEE6AA26A74F0F0026E89D /* USycholUITests.xctest */;
			productType = "com.apple.product-type.bundle.ui-testing";
		};
/* End PBXNativeTarget section */

/* Begin PBXProject section */
		E4DEE68126A74F0E0026E89D /* Project object */ = {
			isa = PBXProject;
			attributes = {
				LastSwiftUpdateCheck = 1250;
				LastUpgradeCheck = 1250;
				TargetAttributes = {
					E4DEE68826A74F0E0026E89D = {
						CreatedOnToolsVersion = 12.5.1;
					};
					E4DEE69E26A74F0F0026E89D = {
						CreatedOnToolsVersion = 12.5.1;
						TestTargetID = E4DEE68826A74F0E0026E89D;
					};
					E4DEE6A926A74F0F0026E89D = {
						CreatedOnToolsVersion = 12.5.1;
						TestTargetID = E4DEE68826A74F0E0026E89D;
					};
				};
			};
			buildConfigurationList = E4DEE68426A74F0E0026E89D /* Build configuration list for PBXProject "USychol" */;
			compatibilityVersion = "Xcode 9.3";
			developmentRegion = en;
			hasScannedForEncodings = 0;
			knownRegions = (
				en,
				Base,
			);
			mainGroup = E4DEE68026A74F0E0026E89D;
			productRefGroup = E4DEE68A26A74F0E0026E89D /* Products */;
			projectDirPath = "";
			projectRoot = "";
			targets = (
				E4DEE68826A74F0E0026E89D /* USychol */,
				E4DEE69E26A74F0F0026E89D /* USycholTests */,
				E4DEE6A926A74F0F0026E89D /* USycholUITests */,
			);
		};
/* End PBXProject section */

/* Begin PBXResourcesBuildPhase section */
		E4DEE68726A74F0E0026E89D /* Resources */ = {
			isa = PBXResourcesBuildPhase;
			buildActionMask = 2147483647;
			files = (
				E444E5C026BDF84500D94FBB /* Nunito-SemiBold.ttf in Resources */,
				E444E59F26BDF7F000D94FBB /* Inter-VariableFont_slnt,wght.ttf in Resources */,
				E444E5AE26BDF82A00D94FBB /* Poppins-SemiBold.ttf in Resources */,
				E4DEE69626A74F0F0026E89D /* Assets.xcassets in Resources */,
				E444E5B426BDF83300D94FBB /* Nunito-ExtraBold.ttf in Resources */,
				E444E5BA26BDF83C00D94FBB /* Nunito-Light.ttf in Resources */,
				E444E5A226BDF81600D94FBB /* Nunito-Black.ttf in Resources */,
				E444E5BD26BDF84000D94FBB /* Nunito-Regular.ttf in Resources */,
				E444E5AB26BDF82500D94FBB /* Poppins-Regular.ttf in Resources */,
				E444E5A526BDF81C00D94FBB /* Poppins-Bold.ttf in Resources */,
				E444E5B126BDF82F00D94FBB /* Nunito-Bold.ttf in Resources */,
				E444E5A826BDF82100D94FBB /* Poppins-Medium.ttf in Resources */,
				E444E5B726BDF83800D94FBB /* Nunito-ExtraLight.ttf in Resources */,
			);
			runOnlyForDeploymentPostprocessing = 0;
		};
		E4DEE69D26A74F0F0026E89D /* Resources */ = {
			isa = PBXResourcesBuildPhase;
			buildActionMask = 2147483647;
			files = (
				E444E5C126BDF84500D94FBB /* Nunito-SemiBold.ttf in Resources */,
				E444E5BE26BDF84100D94FBB /* Nunito-Regular.ttf in Resources */,
				E444E5B226BDF82F00D94FBB /* Nunito-Bold.ttf in Resources */,
				E444E5A026BDF81200D94FBB /* Inter-VariableFont_slnt,wght.ttf in Resources */,
				E444E5A926BDF82100D94FBB /* Poppins-Medium.ttf in Resources */,
				E444E5B826BDF83900D94FBB /* Nunito-ExtraLight.ttf in Resources */,
				E444E5A626BDF81D00D94FBB /* Poppins-Bold.ttf in Resources */,
				E444E5AF26BDF82B00D94FBB /* Poppins-SemiBold.ttf in Resources */,
				E444E5BB26BDF83D00D94FBB /* Nunito-Light.ttf in Resources */,
				E444E5A326BDF81700D94FBB /* Nunito-Black.ttf in Resources */,
				E444E5AC26BDF82600D94FBB /* Poppins-Regular.ttf in Resources */,
				E444E5B526BDF83400D94FBB /* Nunito-ExtraBold.ttf in Resources */,
			);
			runOnlyForDeploymentPostprocessing = 0;
		};
		E4DEE6A826A74F0F0026E89D /* Resources */ = {
			isa = PBXResourcesBuildPhase;
			buildActionMask = 2147483647;
			files = (
				E444E5C226BDF84700D94FBB /* Nunito-SemiBold.ttf in Resources */,
				E444E5BF26BDF84200D94FBB /* Nunito-Regular.ttf in Resources */,
				E444E5B326BDF83000D94FBB /* Nunito-Bold.ttf in Resources */,
				E444E5A126BDF81400D94FBB /* Inter-VariableFont_slnt,wght.ttf in Resources */,
				E444E5AA26BDF82200D94FBB /* Poppins-Medium.ttf in Resources */,
				E444E5B926BDF83900D94FBB /* Nunito-ExtraLight.ttf in Resources */,
				E444E5A726BDF81E00D94FBB /* Poppins-Bold.ttf in Resources */,
				E444E5B026BDF82C00D94FBB /* Poppins-SemiBold.ttf in Resources */,
				E444E5BC26BDF83D00D94FBB /* Nunito-Light.ttf in Resources */,
				E444E5A426BDF81800D94FBB /* Nunito-Black.ttf in Resources */,
				E444E5AD26BDF82700D94FBB /* Poppins-Regular.ttf in Resources */,
				E444E5B626BDF83500D94FBB /* Nunito-ExtraBold.ttf in Resources */,
			);
			runOnlyForDeploymentPostprocessing = 0;
		};
/* End PBXResourcesBuildPhase section */

/* Begin PBXShellScriptBuildPhase section */
		043936919E7A20CA35CC4F2F /* [CP] Check Pods Manifest.lock */ = {
			isa = PBXShellScriptBuildPhase;
			buildActionMask = 2147483647;
			files = (
			);
			inputFileListPaths = (
			);
			inputPaths = (
				"${PODS_PODFILE_DIR_PATH}/Podfile.lock",
				"${PODS_ROOT}/Manifest.lock",
			);
			name = "[CP] Check Pods Manifest.lock";
			outputFileListPaths = (
			);
			outputPaths = (
				"$(DERIVED_FILE_DIR)/Pods-USycholTests-checkManifestLockResult.txt",
			);
			runOnlyForDeploymentPostprocessing = 0;
			shellPath = /bin/sh;
			shellScript = "diff \"${PODS_PODFILE_DIR_PATH}/Podfile.lock\" \"${PODS_ROOT}/Manifest.lock\" > /dev/null\nif [ $? != 0 ] ; then\n    # print error to STDERR\n    echo \"error: The sandbox is not in sync with the Podfile.lock. Run 'pod install' or update your CocoaPods installation.\" >&2\n    exit 1\nfi\n# This output is used by Xcode 'outputs' to avoid re-running this script phase.\necho \"SUCCESS\" > \"${SCRIPT_OUTPUT_FILE_0}\"\n";
			showEnvVarsInLog = 0;
		};
		14FE59A8685ED1EB5CD3FD85 /* [CP] Embed Pods Frameworks */ = {
			isa = PBXShellScriptBuildPhase;
			buildActionMask = 2147483647;
			files = (
			);
			inputFileListPaths = (
				"${PODS_ROOT}/Target Support Files/Pods-USychol-USycholUITests/Pods-USychol-USycholUITests-frameworks-${CONFIGURATION}-input-files.xcfilelist",
			);
			name = "[CP] Embed Pods Frameworks";
			outputFileListPaths = (
				"${PODS_ROOT}/Target Support Files/Pods-USychol-USycholUITests/Pods-USychol-USycholUITests-frameworks-${CONFIGURATION}-output-files.xcfilelist",
			);
			runOnlyForDeploymentPostprocessing = 0;
			shellPath = /bin/sh;
			shellScript = "\"${PODS_ROOT}/Target Support Files/Pods-USychol-USycholUITests/Pods-USychol-USycholUITests-frameworks.sh\"\n";
			showEnvVarsInLog = 0;
		};
		84B639521F11D542B0539B37 /* [CP] Check Pods Manifest.lock */ = {
			isa = PBXShellScriptBuildPhase;
			buildActionMask = 2147483647;
			files = (
			);
			inputFileListPaths = (
			);
			inputPaths = (
				"${PODS_PODFILE_DIR_PATH}/Podfile.lock",
				"${PODS_ROOT}/Manifest.lock",
			);
			name = "[CP] Check Pods Manifest.lock";
			outputFileListPaths = (
			);
			outputPaths = (
				"$(DERIVED_FILE_DIR)/Pods-USychol-USycholUITests-checkManifestLockResult.txt",
			);
			runOnlyForDeploymentPostprocessing = 0;
			shellPath = /bin/sh;
			shellScript = "diff \"${PODS_PODFILE_DIR_PATH}/Podfile.lock\" \"${PODS_ROOT}/Manifest.lock\" > /dev/null\nif [ $? != 0 ] ; then\n    # print error to STDERR\n    echo \"error: The sandbox is not in sync with the Podfile.lock. Run 'pod install' or update your CocoaPods installation.\" >&2\n    exit 1\nfi\n# This output is used by Xcode 'outputs' to avoid re-running this script phase.\necho \"SUCCESS\" > \"${SCRIPT_OUTPUT_FILE_0}\"\n";
			showEnvVarsInLog = 0;
		};
		95A8828698DB86525E35E256 /* [CP] Embed Pods Frameworks */ = {
			isa = PBXShellScriptBuildPhase;
			buildActionMask = 2147483647;
			files = (
			);
			inputFileListPaths = (
				"${PODS_ROOT}/Target Support Files/Pods-USychol/Pods-USychol-frameworks-${CONFIGURATION}-input-files.xcfilelist",
			);
			name = "[CP] Embed Pods Frameworks";
			outputFileListPaths = (
				"${PODS_ROOT}/Target Support Files/Pods-USychol/Pods-USychol-frameworks-${CONFIGURATION}-output-files.xcfilelist",
			);
			runOnlyForDeploymentPostprocessing = 0;
			shellPath = /bin/sh;
			shellScript = "\"${PODS_ROOT}/Target Support Files/Pods-USychol/Pods-USychol-frameworks.sh\"\n";
			showEnvVarsInLog = 0;
		};
		D3E883787820AFED1E76D466 /* [CP] Check Pods Manifest.lock */ = {
			isa = PBXShellScriptBuildPhase;
			buildActionMask = 2147483647;
			files = (
			);
			inputFileListPaths = (
			);
			inputPaths = (
				"${PODS_PODFILE_DIR_PATH}/Podfile.lock",
				"${PODS_ROOT}/Manifest.lock",
			);
			name = "[CP] Check Pods Manifest.lock";
			outputFileListPaths = (
			);
			outputPaths = (
				"$(DERIVED_FILE_DIR)/Pods-USychol-checkManifestLockResult.txt",
			);
			runOnlyForDeploymentPostprocessing = 0;
			shellPath = /bin/sh;
			shellScript = "diff \"${PODS_PODFILE_DIR_PATH}/Podfile.lock\" \"${PODS_ROOT}/Manifest.lock\" > /dev/null\nif [ $? != 0 ] ; then\n    # print error to STDERR\n    echo \"error: The sandbox is not in sync with the Podfile.lock. Run 'pod install' or update your CocoaPods installation.\" >&2\n    exit 1\nfi\n# This output is used by Xcode 'outputs' to avoid re-running this script phase.\necho \"SUCCESS\" > \"${SCRIPT_OUTPUT_FILE_0}\"\n";
			showEnvVarsInLog = 0;
		};
/* End PBXShellScriptBuildPhase section */

/* Begin PBXSourcesBuildPhase section */
		E4DEE68526A74F0E0026E89D /* Sources */ = {
			isa = PBXSourcesBuildPhase;
			buildActionMask = 2147483647;
			files = (
				E444E59626BDF64800D94FBB /* SignUpViewController.swift in Sources */,
				E4A8044C26B1F7BA00AE8593 /* SignInViewController.swift in Sources */,
				E455B61C26B4508C000D298A /* ReminderRepositoryProtocol.swift in Sources */,
				E444E59826BDF64800D94FBB /* SignUpViewEntity.swift in Sources */,
				E458807D26BC04FF005D6573 /* PatientTableViewCell.swift in Sources */,
				E4828AC026B361D9003E8138 /* PatientHallViewEntity.swift in Sources */,
				E4C380D626AA67EB00CF2A9C /* CoreButton.swift in Sources */,
				E4A8041726AF043300AE8593 /* CoreLabel.swift in Sources */,
				E4A8041326AEEE7000AE8593 /* SplashViewType.swift in Sources */,
				E4828AC326B361D9003E8138 /* PatientHallViewType.swift in Sources */,
				E4A8041126AEE91500AE8593 /* SplashView.swift in Sources */,
				E444E59B26BDF64800D94FBB /* SignUpProtocols.swift in Sources */,
				E4828AC226B361D9003E8138 /* PatientHallView.swift in Sources */,
				E4828ABE26B361D9003E8138 /* PatientHallViewModel.swift in Sources */,
				E4A8044826B1F7BA00AE8593 /* SignInViewType.swift in Sources */,
				E455B62026B4517C000D298A /* ReminderRepository.swift in Sources */,
				E4828ABF26B361D9003E8138 /* PatientHallViewController.swift in Sources */,
				E4A8043126B0489800AE8593 /* CoreHeaderType.swift in Sources */,
				E4A8044B26B1F7BA00AE8593 /* SignInViewModel.swift in Sources */,
				E4828ACF26B3A7AC003E8138 /* UIImageView+.swift in Sources */,
				E4828AD226B3BF9F003E8138 /* ReminderTableView.swift in Sources */,
				E4A8043626B1D7B500AE8593 /* CoreButtonType.swift in Sources */,
				E4A8042126AF2C7700AE8593 /* CoreHeader.swift in Sources */,
				E458809026BCDDA8005D6573 /* PatientFormViewEntity.swift in Sources */,
				E4A8044926B1F7BA00AE8593 /* SignInView.swift in Sources */,
				E458808126BC85F3005D6573 /* PatientRepositoryProtocol.swift in Sources */,
				E4828AC826B38D6D003E8138 /* ReminderTextField.swift in Sources */,
				E4828AC126B361D9003E8138 /* PatientHallViewState.swift in Sources */,
				E458809226BCDDA8005D6573 /* PatientFormViewModel.swift in Sources */,
				E4C541DE26A9B4D70047F5E3 /* GradientStyle.swift in Sources */,
				E4A8044726B1F7BA00AE8593 /* SignInViewEntity.swift in Sources */,
				E4DEE68D26A74F0E0026E89D /* AppDelegate.swift in Sources */,
				E4DEE68F26A74F0E0026E89D /* SceneDelegate.swift in Sources */,
				E4A8044A26B1F7BA00AE8593 /* SignInViewState.swift in Sources */,
				E444E59D26BDF6D900D94FBB /* SignUpView.swift in Sources */,
				E4828AC426B361D9003E8138 /* PatientHallProtocols.swift in Sources */,
				E444E59926BDF64800D94FBB /* SignUpViewState.swift in Sources */,
				E458807F26BC7ABC005D6573 /* Patient.swift in Sources */,
				E444E59726BDF64800D94FBB /* SignUpViewModel.swift in Sources */,
				E455B62526B47132000D298A /* ReminderTableViewCell.swift in Sources */,
				E444E58C26BDF62B00D94FBB /* CoreInputField.swift in Sources */,
				E4A8044626B1F7BA00AE8593 /* SignInProtocols.swift in Sources */,
				E458809126BCDDA8005D6573 /* PatientFormViewController.swift in Sources */,
				E458809626BCDDA8005D6573 /* PatientFormProtocols.swift in Sources */,
				E4A8041A26AF0D0A00AE8593 /* CoreLabelType.swift in Sources */,
				E458807B26BC047F005D6573 /* PatientTableView.swift in Sources */,
				E458808326BC861F005D6573 /* PatientRepository.swift in Sources */,
				E467014826A9120400A28683 /* SplashViewController.swift in Sources */,
				E458809426BCDDA8005D6573 /* PatientFormView.swift in Sources */,
				E444E59A26BDF64800D94FBB /* SignUpViewType.swift in Sources */,
				E458809326BCDDA8005D6573 /* PatientFormViewState.swift in Sources */,
				E458809526BCDDA8005D6573 /* PatientFormViewType.swift in Sources */,
				E455B62326B453D3000D298A /* Reminder.swift in Sources */,
			);
			runOnlyForDeploymentPostprocessing = 0;
		};
		E4DEE69B26A74F0F0026E89D /* Sources */ = {
			isa = PBXSourcesBuildPhase;
			buildActionMask = 2147483647;
			files = (
				E4DEE6A426A74F0F0026E89D /* USycholTests.swift in Sources */,
			);
			runOnlyForDeploymentPostprocessing = 0;
		};
		E4DEE6A626A74F0F0026E89D /* Sources */ = {
			isa = PBXSourcesBuildPhase;
			buildActionMask = 2147483647;
			files = (
				E4DEE6AF26A74F0F0026E89D /* USycholUITests.swift in Sources */,
			);
			runOnlyForDeploymentPostprocessing = 0;
		};
/* End PBXSourcesBuildPhase section */

/* Begin PBXTargetDependency section */
		E4DEE6A126A74F0F0026E89D /* PBXTargetDependency */ = {
			isa = PBXTargetDependency;
			target = E4DEE68826A74F0E0026E89D /* USychol */;
			targetProxy = E4DEE6A026A74F0F0026E89D /* PBXContainerItemProxy */;
		};
		E4DEE6AC26A74F0F0026E89D /* PBXTargetDependency */ = {
			isa = PBXTargetDependency;
			target = E4DEE68826A74F0E0026E89D /* USychol */;
			targetProxy = E4DEE6AB26A74F0F0026E89D /* PBXContainerItemProxy */;
		};
/* End PBXTargetDependency section */

/* Begin XCBuildConfiguration section */
		E4DEE6B126A74F0F0026E89D /* Debug */ = {
			isa = XCBuildConfiguration;
			buildSettings = {
				ALWAYS_SEARCH_USER_PATHS = NO;
				CLANG_ANALYZER_NONNULL = YES;
				CLANG_ANALYZER_NUMBER_OBJECT_CONVERSION = YES_AGGRESSIVE;
				CLANG_CXX_LANGUAGE_STANDARD = "gnu++14";
				CLANG_CXX_LIBRARY = "libc++";
				CLANG_ENABLE_MODULES = YES;
				CLANG_ENABLE_OBJC_ARC = YES;
				CLANG_ENABLE_OBJC_WEAK = YES;
				CLANG_WARN_BLOCK_CAPTURE_AUTORELEASING = YES;
				CLANG_WARN_BOOL_CONVERSION = YES;
				CLANG_WARN_COMMA = YES;
				CLANG_WARN_CONSTANT_CONVERSION = YES;
				CLANG_WARN_DEPRECATED_OBJC_IMPLEMENTATIONS = YES;
				CLANG_WARN_DIRECT_OBJC_ISA_USAGE = YES_ERROR;
				CLANG_WARN_DOCUMENTATION_COMMENTS = YES;
				CLANG_WARN_EMPTY_BODY = YES;
				CLANG_WARN_ENUM_CONVERSION = YES;
				CLANG_WARN_INFINITE_RECURSION = YES;
				CLANG_WARN_INT_CONVERSION = YES;
				CLANG_WARN_NON_LITERAL_NULL_CONVERSION = YES;
				CLANG_WARN_OBJC_IMPLICIT_RETAIN_SELF = YES;
				CLANG_WARN_OBJC_LITERAL_CONVERSION = YES;
				CLANG_WARN_OBJC_ROOT_CLASS = YES_ERROR;
				CLANG_WARN_QUOTED_INCLUDE_IN_FRAMEWORK_HEADER = YES;
				CLANG_WARN_RANGE_LOOP_ANALYSIS = YES;
				CLANG_WARN_STRICT_PROTOTYPES = YES;
				CLANG_WARN_SUSPICIOUS_MOVE = YES;
				CLANG_WARN_UNGUARDED_AVAILABILITY = YES_AGGRESSIVE;
				CLANG_WARN_UNREACHABLE_CODE = YES;
				CLANG_WARN__DUPLICATE_METHOD_MATCH = YES;
				COPY_PHASE_STRIP = NO;
				DEBUG_INFORMATION_FORMAT = dwarf;
				ENABLE_STRICT_OBJC_MSGSEND = YES;
				ENABLE_TESTABILITY = YES;
				GCC_C_LANGUAGE_STANDARD = gnu11;
				GCC_DYNAMIC_NO_PIC = NO;
				GCC_NO_COMMON_BLOCKS = YES;
				GCC_OPTIMIZATION_LEVEL = 0;
				GCC_PREPROCESSOR_DEFINITIONS = (
					"DEBUG=1",
					"$(inherited)",
				);
				GCC_WARN_64_TO_32_BIT_CONVERSION = YES;
				GCC_WARN_ABOUT_RETURN_TYPE = YES_ERROR;
				GCC_WARN_UNDECLARED_SELECTOR = YES;
				GCC_WARN_UNINITIALIZED_AUTOS = YES_AGGRESSIVE;
				GCC_WARN_UNUSED_FUNCTION = YES;
				GCC_WARN_UNUSED_VARIABLE = YES;
				IPHONEOS_DEPLOYMENT_TARGET = 14.5;
				MTL_ENABLE_DEBUG_INFO = INCLUDE_SOURCE;
				MTL_FAST_MATH = YES;
				ONLY_ACTIVE_ARCH = YES;
				SDKROOT = iphoneos;
				SWIFT_ACTIVE_COMPILATION_CONDITIONS = DEBUG;
				SWIFT_OPTIMIZATION_LEVEL = "-Onone";
			};
			name = Debug;
		};
		E4DEE6B226A74F0F0026E89D /* Release */ = {
			isa = XCBuildConfiguration;
			buildSettings = {
				ALWAYS_SEARCH_USER_PATHS = NO;
				CLANG_ANALYZER_NONNULL = YES;
				CLANG_ANALYZER_NUMBER_OBJECT_CONVERSION = YES_AGGRESSIVE;
				CLANG_CXX_LANGUAGE_STANDARD = "gnu++14";
				CLANG_CXX_LIBRARY = "libc++";
				CLANG_ENABLE_MODULES = YES;
				CLANG_ENABLE_OBJC_ARC = YES;
				CLANG_ENABLE_OBJC_WEAK = YES;
				CLANG_WARN_BLOCK_CAPTURE_AUTORELEASING = YES;
				CLANG_WARN_BOOL_CONVERSION = YES;
				CLANG_WARN_COMMA = YES;
				CLANG_WARN_CONSTANT_CONVERSION = YES;
				CLANG_WARN_DEPRECATED_OBJC_IMPLEMENTATIONS = YES;
				CLANG_WARN_DIRECT_OBJC_ISA_USAGE = YES_ERROR;
				CLANG_WARN_DOCUMENTATION_COMMENTS = YES;
				CLANG_WARN_EMPTY_BODY = YES;
				CLANG_WARN_ENUM_CONVERSION = YES;
				CLANG_WARN_INFINITE_RECURSION = YES;
				CLANG_WARN_INT_CONVERSION = YES;
				CLANG_WARN_NON_LITERAL_NULL_CONVERSION = YES;
				CLANG_WARN_OBJC_IMPLICIT_RETAIN_SELF = YES;
				CLANG_WARN_OBJC_LITERAL_CONVERSION = YES;
				CLANG_WARN_OBJC_ROOT_CLASS = YES_ERROR;
				CLANG_WARN_QUOTED_INCLUDE_IN_FRAMEWORK_HEADER = YES;
				CLANG_WARN_RANGE_LOOP_ANALYSIS = YES;
				CLANG_WARN_STRICT_PROTOTYPES = YES;
				CLANG_WARN_SUSPICIOUS_MOVE = YES;
				CLANG_WARN_UNGUARDED_AVAILABILITY = YES_AGGRESSIVE;
				CLANG_WARN_UNREACHABLE_CODE = YES;
				CLANG_WARN__DUPLICATE_METHOD_MATCH = YES;
				COPY_PHASE_STRIP = NO;
				DEBUG_INFORMATION_FORMAT = "dwarf-with-dsym";
				ENABLE_NS_ASSERTIONS = NO;
				ENABLE_STRICT_OBJC_MSGSEND = YES;
				GCC_C_LANGUAGE_STANDARD = gnu11;
				GCC_NO_COMMON_BLOCKS = YES;
				GCC_WARN_64_TO_32_BIT_CONVERSION = YES;
				GCC_WARN_ABOUT_RETURN_TYPE = YES_ERROR;
				GCC_WARN_UNDECLARED_SELECTOR = YES;
				GCC_WARN_UNINITIALIZED_AUTOS = YES_AGGRESSIVE;
				GCC_WARN_UNUSED_FUNCTION = YES;
				GCC_WARN_UNUSED_VARIABLE = YES;
				IPHONEOS_DEPLOYMENT_TARGET = 14.5;
				MTL_ENABLE_DEBUG_INFO = NO;
				MTL_FAST_MATH = YES;
				SDKROOT = iphoneos;
				SWIFT_COMPILATION_MODE = wholemodule;
				SWIFT_OPTIMIZATION_LEVEL = "-O";
				VALIDATE_PRODUCT = YES;
			};
			name = Release;
		};
		E4DEE6B426A74F0F0026E89D /* Debug */ = {
			isa = XCBuildConfiguration;
			baseConfigurationReference = E93573A3E1BF82CCCF152C9C /* Pods-USychol.debug.xcconfig */;
			buildSettings = {
				ASSETCATALOG_COMPILER_APPICON_NAME = AppIcon;
				ASSETCATALOG_COMPILER_GLOBAL_ACCENT_COLOR_NAME = AccentColor;
				CODE_SIGN_STYLE = Automatic;
				DEVELOPMENT_TEAM = 4X79FRQA2J;
				INFOPLIST_FILE = USychol/Info.plist;
				LD_RUNPATH_SEARCH_PATHS = (
					"$(inherited)",
					"@executable_path/Frameworks",
				);
				PRODUCT_BUNDLE_IDENTIFIER = rafaelPena.USychol;
				PRODUCT_NAME = "$(TARGET_NAME)";
				SWIFT_VERSION = 5.0;
				TARGETED_DEVICE_FAMILY = "1,2";
			};
			name = Debug;
		};
		E4DEE6B526A74F0F0026E89D /* Release */ = {
			isa = XCBuildConfiguration;
			baseConfigurationReference = 57B2734AFC3B8961ADF42606 /* Pods-USychol.release.xcconfig */;
			buildSettings = {
				ASSETCATALOG_COMPILER_APPICON_NAME = AppIcon;
				ASSETCATALOG_COMPILER_GLOBAL_ACCENT_COLOR_NAME = AccentColor;
				CODE_SIGN_STYLE = Automatic;
				DEVELOPMENT_TEAM = 4X79FRQA2J;
				INFOPLIST_FILE = USychol/Info.plist;
				LD_RUNPATH_SEARCH_PATHS = (
					"$(inherited)",
					"@executable_path/Frameworks",
				);
				PRODUCT_BUNDLE_IDENTIFIER = rafaelPena.USychol;
				PRODUCT_NAME = "$(TARGET_NAME)";
				SWIFT_VERSION = 5.0;
				TARGETED_DEVICE_FAMILY = "1,2";
			};
			name = Release;
		};
		E4DEE6B726A74F0F0026E89D /* Debug */ = {
			isa = XCBuildConfiguration;
			baseConfigurationReference = 5C5AB07248AE5BBF0D6B58CE /* Pods-USycholTests.debug.xcconfig */;
			buildSettings = {
				ALWAYS_EMBED_SWIFT_STANDARD_LIBRARIES = YES;
				BUNDLE_LOADER = "$(TEST_HOST)";
				CODE_SIGN_STYLE = Automatic;
				DEVELOPMENT_TEAM = 4X79FRQA2J;
				INFOPLIST_FILE = USycholTests/Info.plist;
				IPHONEOS_DEPLOYMENT_TARGET = 14.5;
				LD_RUNPATH_SEARCH_PATHS = (
					"$(inherited)",
					"@executable_path/Frameworks",
					"@loader_path/Frameworks",
				);
				PRODUCT_BUNDLE_IDENTIFIER = rafaelPena.USycholTests;
				PRODUCT_NAME = "$(TARGET_NAME)";
				SWIFT_VERSION = 5.0;
				TARGETED_DEVICE_FAMILY = "1,2";
				TEST_HOST = "$(BUILT_PRODUCTS_DIR)/USychol.app/USychol";
			};
			name = Debug;
		};
		E4DEE6B826A74F0F0026E89D /* Release */ = {
			isa = XCBuildConfiguration;
			baseConfigurationReference = C9F373F445B2AA50CB5906DC /* Pods-USycholTests.release.xcconfig */;
			buildSettings = {
				ALWAYS_EMBED_SWIFT_STANDARD_LIBRARIES = YES;
				BUNDLE_LOADER = "$(TEST_HOST)";
				CODE_SIGN_STYLE = Automatic;
				DEVELOPMENT_TEAM = 4X79FRQA2J;
				INFOPLIST_FILE = USycholTests/Info.plist;
				IPHONEOS_DEPLOYMENT_TARGET = 14.5;
				LD_RUNPATH_SEARCH_PATHS = (
					"$(inherited)",
					"@executable_path/Frameworks",
					"@loader_path/Frameworks",
				);
				PRODUCT_BUNDLE_IDENTIFIER = rafaelPena.USycholTests;
				PRODUCT_NAME = "$(TARGET_NAME)";
				SWIFT_VERSION = 5.0;
				TARGETED_DEVICE_FAMILY = "1,2";
				TEST_HOST = "$(BUILT_PRODUCTS_DIR)/USychol.app/USychol";
			};
			name = Release;
		};
		E4DEE6BA26A74F0F0026E89D /* Debug */ = {
			isa = XCBuildConfiguration;
			baseConfigurationReference = DC7FD7262B7071D9640D2B2C /* Pods-USychol-USycholUITests.debug.xcconfig */;
			buildSettings = {
				ALWAYS_EMBED_SWIFT_STANDARD_LIBRARIES = YES;
				CODE_SIGN_STYLE = Automatic;
				DEVELOPMENT_TEAM = 4X79FRQA2J;
				INFOPLIST_FILE = USycholUITests/Info.plist;
				LD_RUNPATH_SEARCH_PATHS = (
					"$(inherited)",
					"@executable_path/Frameworks",
					"@loader_path/Frameworks",
				);
				PRODUCT_BUNDLE_IDENTIFIER = rafaelPena.USycholUITests;
				PRODUCT_NAME = "$(TARGET_NAME)";
				SWIFT_VERSION = 5.0;
				TARGETED_DEVICE_FAMILY = "1,2";
				TEST_TARGET_NAME = USychol;
			};
			name = Debug;
		};
		E4DEE6BB26A74F0F0026E89D /* Release */ = {
			isa = XCBuildConfiguration;
			baseConfigurationReference = 44EC2BAE942E0D25891E50A1 /* Pods-USychol-USycholUITests.release.xcconfig */;
			buildSettings = {
				ALWAYS_EMBED_SWIFT_STANDARD_LIBRARIES = YES;
				CODE_SIGN_STYLE = Automatic;
				DEVELOPMENT_TEAM = 4X79FRQA2J;
				INFOPLIST_FILE = USycholUITests/Info.plist;
				LD_RUNPATH_SEARCH_PATHS = (
					"$(inherited)",
					"@executable_path/Frameworks",
					"@loader_path/Frameworks",
				);
				PRODUCT_BUNDLE_IDENTIFIER = rafaelPena.USycholUITests;
				PRODUCT_NAME = "$(TARGET_NAME)";
				SWIFT_VERSION = 5.0;
				TARGETED_DEVICE_FAMILY = "1,2";
				TEST_TARGET_NAME = USychol;
			};
			name = Release;
		};
/* End XCBuildConfiguration section */

/* Begin XCConfigurationList section */
		E4DEE68426A74F0E0026E89D /* Build configuration list for PBXProject "USychol" */ = {
			isa = XCConfigurationList;
			buildConfigurations = (
				E4DEE6B126A74F0F0026E89D /* Debug */,
				E4DEE6B226A74F0F0026E89D /* Release */,
			);
			defaultConfigurationIsVisible = 0;
			defaultConfigurationName = Release;
		};
		E4DEE6B326A74F0F0026E89D /* Build configuration list for PBXNativeTarget "USychol" */ = {
			isa = XCConfigurationList;
			buildConfigurations = (
				E4DEE6B426A74F0F0026E89D /* Debug */,
				E4DEE6B526A74F0F0026E89D /* Release */,
			);
			defaultConfigurationIsVisible = 0;
			defaultConfigurationName = Release;
		};
		E4DEE6B626A74F0F0026E89D /* Build configuration list for PBXNativeTarget "USycholTests" */ = {
			isa = XCConfigurationList;
			buildConfigurations = (
				E4DEE6B726A74F0F0026E89D /* Debug */,
				E4DEE6B826A74F0F0026E89D /* Release */,
			);
			defaultConfigurationIsVisible = 0;
			defaultConfigurationName = Release;
		};
		E4DEE6B926A74F0F0026E89D /* Build configuration list for PBXNativeTarget "USycholUITests" */ = {
			isa = XCConfigurationList;
			buildConfigurations = (
				E4DEE6BA26A74F0F0026E89D /* Debug */,
				E4DEE6BB26A74F0F0026E89D /* Release */,
			);
			defaultConfigurationIsVisible = 0;
			defaultConfigurationName = Release;
		};
/* End XCConfigurationList section */
	};
	rootObject = E4DEE68126A74F0E0026E89D /* Project object */;
}
